
Microsoft Visual Studio Solution File, Format Version 12.00
# Visual Studio Version 16
VisualStudioVersion = 16.0.28803.352
MinimumVisualStudioVersion = 10.0.40219.1
Project("{9A19103F-16F7-4668-BE54-9A1E7A4F7556}") = "TripPlannerAPI", "TripPlannerAPI\TripPlannerAPI.csproj", "{C17EE5D6-4D23-43E8-B38D-DBEAD49866BB}"
EndProject
Project("{2150E333-8FDC-42A3-9474-1A3956D46DE8}") = "01 - DAL", "01 - DAL", "{9D5C4207-9A13-4370-B962-FDC2B40E9F79}"
EndProject
Project("{FAE04EC0-301F-11D3-BF4B-00C04F79EFBC}") = "TripPlanner.DAL", "TripPlanner.DAL\TripPlanner.DAL.csproj", "{B3EBC594-F302-4623-BD92-A0AFF8E6D26B}"
EndProject
Global
	GlobalSection(SolutionConfigurationPlatforms) = preSolution
		Debug|Any CPU = Debug|Any CPU
		Release|Any CPU = Release|Any CPU
	EndGlobalSection
	GlobalSection(ProjectConfigurationPlatforms) = postSolution
		{C17EE5D6-4D23-43E8-B38D-DBEAD49866BB}.Debug|Any CPU.ActiveCfg = Debug|Any CPU
		{C17EE5D6-4D23-43E8-B38D-DBEAD49866BB}.Debug|Any CPU.Build.0 = Debug|Any CPU
		{C17EE5D6-4D23-43E8-B38D-DBEAD49866BB}.Release|Any CPU.ActiveCfg = Release|Any CPU
		{C17EE5D6-4D23-43E8-B38D-DBEAD49866BB}.Release|Any CPU.Build.0 = Release|Any CPU
		{B3EBC594-F302-4623-BD92-A0AFF8E6D26B}.Debug|Any CPU.ActiveCfg = Debug|Any CPU
		{B3EBC594-F302-4623-BD92-A0AFF8E6D26B}.Debug|Any CPU.Build.0 = Debug|Any CPU
		{B3EBC594-F302-4623-BD92-A0AFF8E6D26B}.Release|Any CPU.ActiveCfg = Release|Any CPU
		{B3EBC594-F302-4623-BD92-A0AFF8E6D26B}.Release|Any CPU.Build.0 = Release|Any CPU
	EndGlobalSection
	GlobalSection(SolutionProperties) = preSolution
		HideSolutionNode = FALSE
	EndGlobalSection
	GlobalSection(NestedProjects) = preSolution
		{B3EBC594-F302-4623-BD92-A0AFF8E6D26B} = {9D5C4207-9A13-4370-B962-FDC2B40E9F79}
	EndGlobalSection
	GlobalSection(ExtensibilityGlobals) = postSolution
		SolutionGuid = {4D5727B1-1093-4F03-8756-24BDB3A02DDC}
	EndGlobalSection
EndGlobal
